// !$*UTF8*$!
{
	archiveVersion = 1;
	classes = {
	};
	objectVersion = 46;
	objects = {

/* Begin PBXBuildFile section */
		3826318F1EE09C290055322F /* Palavra.swift in Sources */ = {isa = PBXBuildFile; fileRef = 3826318E1EE09C290055322F /* Palavra.swift */; };
		382631911EE0A7FA0055322F /* AudioPlayer.swift in Sources */ = {isa = PBXBuildFile; fileRef = 382631901EE0A7FA0055322F /* AudioPlayer.swift */; };
		382631931EE0AA1D0055322F /* Sons in Resources */ = {isa = PBXBuildFile; fileRef = 382631921EE0AA1D0055322F /* Sons */; };
		383AC80B1ED50A6C00DC57C9 /* AppDelegate.swift in Sources */ = {isa = PBXBuildFile; fileRef = 383AC80A1ED50A6C00DC57C9 /* AppDelegate.swift */; };
		383AC80D1ED50A6C00DC57C9 /* Inicio.swift in Sources */ = {isa = PBXBuildFile; fileRef = 383AC80C1ED50A6C00DC57C9 /* Inicio.swift */; };
		383AC8101ED50A6C00DC57C9 /* Main.storyboard in Resources */ = {isa = PBXBuildFile; fileRef = 383AC80E1ED50A6C00DC57C9 /* Main.storyboard */; };
		383AC8121ED50A6C00DC57C9 /* Assets.xcassets in Resources */ = {isa = PBXBuildFile; fileRef = 383AC8111ED50A6C00DC57C9 /* Assets.xcassets */; };
		383AC8151ED50A6C00DC57C9 /* LaunchScreen.storyboard in Resources */ = {isa = PBXBuildFile; fileRef = 383AC8131ED50A6C00DC57C9 /* LaunchScreen.storyboard */; };
		38D7ED571ED5E25F000D773E /* InfoVC.swift in Sources */ = {isa = PBXBuildFile; fileRef = 38D7ED561ED5E25F000D773E /* InfoVC.swift */; };
/* End PBXBuildFile section */

/* Begin PBXFileReference section */
		3826318E1EE09C290055322F /* Palavra.swift */ = {isa = PBXFileReference; fileEncoding = 4; lastKnownFileType = sourcecode.swift; path = Palavra.swift; sourceTree = "<group>"; };
		382631901EE0A7FA0055322F /* AudioPlayer.swift */ = {isa = PBXFileReference; fileEncoding = 4; lastKnownFileType = sourcecode.swift; path = AudioPlayer.swift; sourceTree = "<group>"; };
		382631921EE0AA1D0055322F /* Sons */ = {isa = PBXFileReference; lastKnownFileType = folder; path = Sons; sourceTree = "<group>"; };
		383AC8071ED50A6C00DC57C9 /* Dicionario.app */ = {isa = PBXFileReference; explicitFileType = wrapper.application; includeInIndex = 0; path = Dicionario.app; sourceTree = BUILT_PRODUCTS_DIR; };
		383AC80A1ED50A6C00DC57C9 /* AppDelegate.swift */ = {isa = PBXFileReference; lastKnownFileType = sourcecode.swift; path = AppDelegate.swift; sourceTree = "<group>"; };
		383AC80C1ED50A6C00DC57C9 /* Inicio.swift */ = {isa = PBXFileReference; lastKnownFileType = sourcecode.swift; path = Inicio.swift; sourceTree = "<group>"; };
		383AC80F1ED50A6C00DC57C9 /* Base */ = {isa = PBXFileReference; lastKnownFileType = file.storyboard; name = Base; path = Base.lproj/Main.storyboard; sourceTree = "<group>"; };
		383AC8111ED50A6C00DC57C9 /* Assets.xcassets */ = {isa = PBXFileReference; lastKnownFileType = folder.assetcatalog; path = Assets.xcassets; sourceTree = "<group>"; };
		383AC8141ED50A6C00DC57C9 /* Base */ = {isa = PBXFileReference; lastKnownFileType = file.storyboard; name = Base; path = Base.lproj/LaunchScreen.storyboard; sourceTree = "<group>"; };
		383AC8161ED50A6C00DC57C9 /* Info.plist */ = {isa = PBXFileReference; lastKnownFileType = text.plist.xml; path = Info.plist; sourceTree = "<group>"; };
		38D7ED561ED5E25F000D773E /* InfoVC.swift */ = {isa = PBXFileReference; fileEncoding = 4; lastKnownFileType = sourcecode.swift; path = InfoVC.swift; sourceTree = "<group>"; };
/* End PBXFileReference section */

/* Begin PBXFrameworksBuildPhase section */
		383AC8041ED50A6C00DC57C9 /* Frameworks */ = {
			isa = PBXFrameworksBuildPhase;
			buildActionMask = 2147483647;
			files = (
			);
			runOnlyForDeploymentPostprocessing = 0;
		};
/* End PBXFrameworksBuildPhase section */

/* Begin PBXGroup section */
		382631051EE09AD00055322F /* Resources */ = {
			isa = PBXGroup;
			children = (
				382631921EE0AA1D0055322F /* Sons */,
			);
			name = Resources;
			sourceTree = "<group>";
		};
		3826318B1EE09B270055322F /* Controller */ = {
			isa = PBXGroup;
			children = (
				383AC80C1ED50A6C00DC57C9 /* Inicio.swift */,
				38D7ED561ED5E25F000D773E /* InfoVC.swift */,
			);
			name = Controller;
			sourceTree = "<group>";
		};
		3826318C1EE09B2C0055322F /* View */ = {
			isa = PBXGroup;
			children = (
			);
			name = View;
			sourceTree = "<group>";
		};
		3826318D1EE09B310055322F /* Model */ = {
			isa = PBXGroup;
			children = (
				3826318E1EE09C290055322F /* Palavra.swift */,
				382631901EE0A7FA0055322F /* AudioPlayer.swift */,
			);
			name = Model;
			sourceTree = "<group>";
		};
		383AC7FE1ED50A6C00DC57C9 = {
			isa = PBXGroup;
			children = (
				383AC8091ED50A6C00DC57C9 /* Dicionario */,
				383AC8081ED50A6C00DC57C9 /* Products */,
			);
			sourceTree = "<group>";
		};
		383AC8081ED50A6C00DC57C9 /* Products */ = {
			isa = PBXGroup;
			children = (
				383AC8071ED50A6C00DC57C9 /* Dicionario.app */,
			);
			name = Products;
			sourceTree = "<group>";
		};
		383AC8091ED50A6C00DC57C9 /* Dicionario */ = {
			isa = PBXGroup;
			children = (
				382631051EE09AD00055322F /* Resources */,
				3826318D1EE09B310055322F /* Model */,
				3826318C1EE09B2C0055322F /* View */,
				3826318B1EE09B270055322F /* Controller */,
				383AC80A1ED50A6C00DC57C9 /* AppDelegate.swift */,
				383AC80E1ED50A6C00DC57C9 /* Main.storyboard */,
				383AC8111ED50A6C00DC57C9 /* Assets.xcassets */,
				383AC8131ED50A6C00DC57C9 /* LaunchScreen.storyboard */,
				383AC8161ED50A6C00DC57C9 /* Info.plist */,
			);
			name = Dicionario;
			path = DicionarioDeSons;
			sourceTree = "<group>";
		};
/* End PBXGroup section */

/* Begin PBXNativeTarget section */
		383AC8061ED50A6C00DC57C9 /* Dicionario */ = {
			isa = PBXNativeTarget;
			buildConfigurationList = 383AC8191ED50A6C00DC57C9 /* Build configuration list for PBXNativeTarget "Dicionario" */;
			buildPhases = (
				383AC8031ED50A6C00DC57C9 /* Sources */,
				383AC8041ED50A6C00DC57C9 /* Frameworks */,
				383AC8051ED50A6C00DC57C9 /* Resources */,
			);
			buildRules = (
			);
			dependencies = (
			);
			name = Dicionario;
			productName = DicionarioDeSons;
			productReference = 383AC8071ED50A6C00DC57C9 /* Dicionario.app */;
			productType = "com.apple.product-type.application";
		};
/* End PBXNativeTarget section */

/* Begin PBXProject section */
		383AC7FF1ED50A6C00DC57C9 /* Project object */ = {
			isa = PBXProject;
			attributes = {
				LastSwiftUpdateCheck = 0830;
				LastUpgradeCheck = 0830;
				ORGANIZATIONNAME = "Felipe Silva";
				TargetAttributes = {
					383AC8061ED50A6C00DC57C9 = {
						CreatedOnToolsVersion = 8.3.2;
						DevelopmentTeam = 97ZVCXEP4L;
						ProvisioningStyle = Automatic;
					};
				};
			};
			buildConfigurationList = 383AC8021ED50A6C00DC57C9 /* Build configuration list for PBXProject "Dicionario" */;
			compatibilityVersion = "Xcode 3.2";
			developmentRegion = English;
			hasScannedForEncodings = 0;
			knownRegions = (
				en,
				Base,
			);
			mainGroup = 383AC7FE1ED50A6C00DC57C9;
			productRefGroup = 383AC8081ED50A6C00DC57C9 /* Products */;
			projectDirPath = "";
			projectRoot = "";
			targets = (
				383AC8061ED50A6C00DC57C9 /* Dicionario */,
			);
		};
/* End PBXProject section */

/* Begin PBXResourcesBuildPhase section */
		383AC8051ED50A6C00DC57C9 /* Resources */ = {
			isa = PBXResourcesBuildPhase;
			buildActionMask = 2147483647;
			files = (
				383AC8151ED50A6C00DC57C9 /* LaunchScreen.storyboard in Resources */,
				383AC8121ED50A6C00DC57C9 /* Assets.xcassets in Resources */,
				382631931EE0AA1D0055322F /* Sons in Resources */,
				383AC8101ED50A6C00DC57C9 /* Main.storyboard in Resources */,
			);
			runOnlyForDeploymentPostprocessing = 0;
		};
/* End PBXResourcesBuildPhase section */

/* Begin PBXSourcesBuildPhase section */
		383AC8031ED50A6C00DC57C9 /* Sources */ = {
			isa = PBXSourcesBuildPhase;
			buildActionMask = 2147483647;
			files = (
				383AC80D1ED50A6C00DC57C9 /* Inicio.swift in Sources */,
				38D7ED571ED5E25F000D773E /* InfoVC.swift in Sources */,
				382631911EE0A7FA0055322F /* AudioPlayer.swift in Sources */,
				383AC80B1ED50A6C00DC57C9 /* AppDelegate.swift in Sources */,
				3826318F1EE09C290055322F /* Palavra.swift in Sources */,
			);
			runOnlyForDeploymentPostprocessing = 0;
		};
/* End PBXSourcesBuildPhase section */

/* Begin PBXVariantGroup section */
		383AC80E1ED50A6C00DC57C9 /* Main.storyboard */ = {
			isa = PBXVariantGroup;
			children = (
				383AC80F1ED50A6C00DC57C9 /* Base */,
			);
			name = Main.storyboard;
			sourceTree = "<group>";
		};
		383AC8131ED50A6C00DC57C9 /* LaunchScreen.storyboard */ = {
			isa = PBXVariantGroup;
			children = (
				383AC8141ED50A6C00DC57C9 /* Base */,
			);
			name = LaunchScreen.storyboard;
			sourceTree = "<group>";
		};
/* End PBXVariantGroup section */

/* Begin XCBuildConfiguration section */
		383AC8171ED50A6C00DC57C9 /* Debug */ = {
			isa = XCBuildConfiguration;
			buildSettings = {
				ALWAYS_SEARCH_USER_PATHS = NO;
				CLANG_ANALYZER_NONNULL = YES;
				CLANG_ANALYZER_NUMBER_OBJECT_CONVERSION = YES_AGGRESSIVE;
				CLANG_CXX_LANGUAGE_STANDARD = "gnu++0x";
				CLANG_CXX_LIBRARY = "libc++";
				CLANG_ENABLE_MODULES = YES;
				CLANG_ENABLE_OBJC_ARC = YES;
				CLANG_WARN_BOOL_CONVERSION = YES;
				CLANG_WARN_CONSTANT_CONVERSION = YES;
				CLANG_WARN_DIRECT_OBJC_ISA_USAGE = YES_ERROR;
				CLANG_WARN_DOCUMENTATION_COMMENTS = YES;
				CLANG_WARN_EMPTY_BODY = YES;
				CLANG_WARN_ENUM_CONVERSION = YES;
				CLANG_WARN_INFINITE_RECURSION = YES;
				CLANG_WARN_INT_CONVERSION = YES;
				CLANG_WARN_OBJC_ROOT_CLASS = YES_ERROR;
				CLANG_WARN_SUSPICIOUS_MOVE = YES;
				CLANG_WARN_UNREACHABLE_CODE = YES;
				CLANG_WARN__DUPLICATE_METHOD_MATCH = YES;
				"CODE_SIGN_IDENTITY[sdk=iphoneos*]" = "iPhone Developer";
				COPY_PHASE_STRIP = NO;
				DEBUG_INFORMATION_FORMAT = dwarf;
				ENABLE_STRICT_OBJC_MSGSEND = YES;
				ENABLE_TESTABILITY = YES;
				GCC_C_LANGUAGE_STANDARD = gnu99;
				GCC_DYNAMIC_NO_PIC = NO;
				GCC_NO_COMMON_BLOCKS = YES;
				GCC_OPTIMIZATION_LEVEL = 0;
				GCC_PREPROCESSOR_DEFINITIONS = (
					"DEBUG=1",
					"$(inherited)",
				);
				GCC_WARN_64_TO_32_BIT_CONVERSION = YES;
				GCC_WARN_ABOUT_RETURN_TYPE = YES_ERROR;
				GCC_WARN_UNDECLARED_SELECTOR = YES;
				GCC_WARN_UNINITIALIZED_AUTOS = YES_AGGRESSIVE;
				GCC_WARN_UNUSED_FUNCTION = YES;
				GCC_WARN_UNUSED_VARIABLE = YES;
				IPHONEOS_DEPLOYMENT_TARGET = 10.3;
				MTL_ENABLE_DEBUG_INFO = YES;
				ONLY_ACTIVE_ARCH = YES;
				SDKROOT = iphoneos;
				SWIFT_ACTIVE_COMPILATION_CONDITIONS = DEBUG;
				SWIFT_OPTIMIZATION_LEVEL = "-Onone";
			};
			name = Debug;
		};
		383AC8181ED50A6C00DC57C9 /* Release */ = {
			isa = XCBuildConfiguration;
			buildSettings = {
				ALWAYS_SEARCH_USER_PATHS = NO;
				CLANG_ANALYZER_NONNULL = YES;
				CLANG_ANALYZER_NUMBER_OBJECT_CONVERSION = YES_AGGRESSIVE;
				CLANG_CXX_LANGUAGE_STANDARD = "gnu++0x";
				CLANG_CXX_LIBRARY = "libc++";
				CLANG_ENABLE_MODULES = YES;
				CLANG_ENABLE_OBJC_ARC = YES;
				CLANG_WARN_BOOL_CONVERSION = YES;
				CLANG_WARN_CONSTANT_CONVERSION = YES;
				CLANG_WARN_DIRECT_OBJC_ISA_USAGE = YES_ERROR;
				CLANG_WARN_DOCUMENTATION_COMMENTS = YES;
				CLANG_WARN_EMPTY_BODY = YES;
				CLANG_WARN_ENUM_CONVERSION = YES;
				CLANG_WARN_INFINITE_RECURSION = YES;
				CLANG_WARN_INT_CONVERSION = YES;
				CLANG_WARN_OBJC_ROOT_CLASS = YES_ERROR;
				CLANG_WARN_SUSPICIOUS_MOVE = YES;
				CLANG_WARN_UNREACHABLE_CODE = YES;
				CLANG_WARN__DUPLICATE_METHOD_MATCH = YES;
				"CODE_SIGN_IDENTITY[sdk=iphoneos*]" = "iPhone Developer";
				COPY_PHASE_STRIP = NO;
				DEBUG_INFORMATION_FORMAT = "dwarf-with-dsym";
				ENABLE_NS_ASSERTIONS = NO;
				ENABLE_STRICT_OBJC_MSGSEND = YES;
				GCC_C_LANGUAGE_STANDARD = gnu99;
				GCC_NO_COMMON_BLOCKS = YES;
				GCC_WARN_64_TO_32_BIT_CONVERSION = YES;
				GCC_WARN_ABOUT_RETURN_TYPE = YES_ERROR;
				GCC_WARN_UNDECLARED_SELECTOR = YES;
				GCC_WARN_UNINITIALIZED_AUTOS = YES_AGGRESSIVE;
				GCC_WARN_UNUSED_FUNCTION = YES;
				GCC_WARN_UNUSED_VARIABLE = YES;
				IPHONEOS_DEPLOYMENT_TARGET = 10.3;
				MTL_ENABLE_DEBUG_INFO = NO;
				SDKROOT = iphoneos;
				SWIFT_OPTIMIZATION_LEVEL = "-Owholemodule";
				VALIDATE_PRODUCT = YES;
			};
			name = Release;
		};
		383AC81A1ED50A6C00DC57C9 /* Debug */ = {
			isa = XCBuildConfiguration;
			buildSettings = {
				ASSETCATALOG_COMPILER_APPICON_NAME = AppIcon;
				DEVELOPMENT_TEAM = 97ZVCXEP4L;
				INFOPLIST_FILE = DicionarioDeSons/Info.plist;
				IPHONEOS_DEPLOYMENT_TARGET = 10.3;
				LD_RUNPATH_SEARCH_PATHS = "$(inherited) @executable_path/Frameworks";
				PRODUCT_BUNDLE_IDENTIFIER = felipeferreirasilva.com.br.DicionarioDeSons;
				PRODUCT_NAME = "$(TARGET_NAME)";
				SWIFT_VERSION = 3.0;
			};
			name = Debug;
		};
		383AC81B1ED50A6C00DC57C9 /* Release */ = {
			isa = XCBuildConfiguration;
			buildSettings = {
				ASSETCATALOG_COMPILER_APPICON_NAME = AppIcon;
				DEVELOPMENT_TEAM = 97ZVCXEP4L;
				INFOPLIST_FILE = DicionarioDeSons/Info.plist;
				IPHONEOS_DEPLOYMENT_TARGET = 10.3;
				LD_RUNPATH_SEARCH_PATHS = "$(inherited) @executable_path/Frameworks";
				PRODUCT_BUNDLE_IDENTIFIER = felipeferreirasilva.com.br.DicionarioDeSons;
				PRODUCT_NAME = "$(TARGET_NAME)";
				SWIFT_VERSION = 3.0;
			};
			name = Release;
		};
/* End XCBuildConfiguration section */

/* Begin XCConfigurationList section */
		383AC8021ED50A6C00DC57C9 /* Build configuration list for PBXProject "Dicionario" */ = {
			isa = XCConfigurationList;
			buildConfigurations = (
				383AC8171ED50A6C00DC57C9 /* Debug */,
				383AC8181ED50A6C00DC57C9 /* Release */,
			);
			defaultConfigurationIsVisible = 0;
			defaultConfigurationName = Release;
		};
		383AC8191ED50A6C00DC57C9 /* Build configuration list for PBXNativeTarget "Dicionario" */ = {
			isa = XCConfigurationList;
			buildConfigurations = (
				383AC81A1ED50A6C00DC57C9 /* Debug */,
				383AC81B1ED50A6C00DC57C9 /* Release */,
			);
			defaultConfigurationIsVisible = 0;
			defaultConfigurationName = Release;
		};
/* End XCConfigurationList section */
	};
	rootObject = 383AC7FF1ED50A6C00DC57C9 /* Project object */;
}
